// !$*UTF8*$!
{
	archiveVersion = 1;
	classes = {
	};
	objectVersion = 55;
	objects = {

/* Begin PBXBuildFile section */
		28F62DA927DBBE7D00640C3E /* AppDelegate.swift in Sources */ = {isa = PBXBuildFile; fileRef = 28F62DA827DBBE7D00640C3E /* AppDelegate.swift */; };
		28F62DAB27DBBE7D00640C3E /* SceneDelegate.swift in Sources */ = {isa = PBXBuildFile; fileRef = 28F62DAA27DBBE7D00640C3E /* SceneDelegate.swift */; };
		28F62DAD27DBBE7D00640C3E /* LoginViewController.swift in Sources */ = {isa = PBXBuildFile; fileRef = 28F62DAC27DBBE7D00640C3E /* LoginViewController.swift */; };
		28F62DB027DBBE7D00640C3E /* Main.storyboard in Resources */ = {isa = PBXBuildFile; fileRef = 28F62DAE27DBBE7D00640C3E /* Main.storyboard */; };
		28F62DB227DBBE7E00640C3E /* Assets.xcassets in Resources */ = {isa = PBXBuildFile; fileRef = 28F62DB127DBBE7E00640C3E /* Assets.xcassets */; };
		28F62DB527DBBE7E00640C3E /* LaunchScreen.storyboard in Resources */ = {isa = PBXBuildFile; fileRef = 28F62DB327DBBE7E00640C3E /* LaunchScreen.storyboard */; };
		28F62DC227DBC56A00640C3E /* ImageViewController.swift in Sources */ = {isa = PBXBuildFile; fileRef = 28F62DC127DBC56A00640C3E /* ImageViewController.swift */; };
		28F62DC427DBC59C00640C3E /* UserInfoViewController.swift in Sources */ = {isa = PBXBuildFile; fileRef = 28F62DC327DBC59C00640C3E /* UserInfoViewController.swift */; };
		28F62DC627DBC5B200640C3E /* WelcomeViewController.swift in Sources */ = {isa = PBXBuildFile; fileRef = 28F62DC527DBC5B200640C3E /* WelcomeViewController.swift */; };
		28F62DC827DBD5C000640C3E /* User.swift in Sources */ = {isa = PBXBuildFile; fileRef = 28F62DC727DBD5C000640C3E /* User.swift */; };
/* End PBXBuildFile section */

/* Begin PBXFileReference section */
		28F62DA527DBBE7D00640C3E /* PersonalInfoApp.app */ = {isa = PBXFileReference; explicitFileType = wrapper.application; includeInIndex = 0; path = PersonalInfoApp.app; sourceTree = BUILT_PRODUCTS_DIR; };
		28F62DA827DBBE7D00640C3E /* AppDelegate.swift */ = {isa = PBXFileReference; lastKnownFileType = sourcecode.swift; path = AppDelegate.swift; sourceTree = "<group>"; };
		28F62DAA27DBBE7D00640C3E /* SceneDelegate.swift */ = {isa = PBXFileReference; lastKnownFileType = sourcecode.swift; path = SceneDelegate.swift; sourceTree = "<group>"; };
		28F62DAC27DBBE7D00640C3E /* LoginViewController.swift */ = {isa = PBXFileReference; lastKnownFileType = sourcecode.swift; path = LoginViewController.swift; sourceTree = "<group>"; };
		28F62DAF27DBBE7D00640C3E /* Base */ = {isa = PBXFileReference; lastKnownFileType = file.storyboard; name = Base; path = Base.lproj/Main.storyboard; sourceTree = "<group>"; };
		28F62DB127DBBE7E00640C3E /* Assets.xcassets */ = {isa = PBXFileReference; lastKnownFileType = folder.assetcatalog; path = Assets.xcassets; sourceTree = "<group>"; };
		28F62DB427DBBE7E00640C3E /* Base */ = {isa = PBXFileReference; lastKnownFileType = file.storyboard; name = Base; path = Base.lproj/LaunchScreen.storyboard; sourceTree = "<group>"; };
		28F62DB627DBBE7E00640C3E /* Info.plist */ = {isa = PBXFileReference; lastKnownFileType = text.plist.xml; path = Info.plist; sourceTree = "<group>"; };
		28F62DC127DBC56A00640C3E /* ImageViewController.swift */ = {isa = PBXFileReference; lastKnownFileType = sourcecode.swift; path = ImageViewController.swift; sourceTree = "<group>"; };
		28F62DC327DBC59C00640C3E /* UserInfoViewController.swift */ = {isa = PBXFileReference; lastKnownFileType = sourcecode.swift; path = UserInfoViewController.swift; sourceTree = "<group>"; };
		28F62DC527DBC5B200640C3E /* WelcomeViewController.swift */ = {isa = PBXFileReference; lastKnownFileType = sourcecode.swift; path = WelcomeViewController.swift; sourceTree = "<group>"; };
		28F62DC727DBD5C000640C3E /* User.swift */ = {isa = PBXFileReference; lastKnownFileType = sourcecode.swift; path = User.swift; sourceTree = "<group>"; };
/* End PBXFileReference section */

/* Begin PBXFrameworksBuildPhase section */
		28F62DA227DBBE7D00640C3E /* Frameworks */ = {
			isa = PBXFrameworksBuildPhase;
			buildActionMask = 2147483647;
			files = (
			);
			runOnlyForDeploymentPostprocessing = 0;
		};
/* End PBXFrameworksBuildPhase section */

/* Begin PBXGroup section */
		28F62D9C27DBBE7D00640C3E = {
			isa = PBXGroup;
			children = (
				28F62DA727DBBE7D00640C3E /* PersonalInfoApp */,
				28F62DA627DBBE7D00640C3E /* Products */,
			);
			sourceTree = "<group>";
		};
		28F62DA627DBBE7D00640C3E /* Products */ = {
			isa = PBXGroup;
			children = (
				28F62DA527DBBE7D00640C3E /* PersonalInfoApp.app */,
			);
			name = Products;
			sourceTree = "<group>";
		};
		28F62DA727DBBE7D00640C3E /* PersonalInfoApp */ = {
			isa = PBXGroup;
			children = (
				28F62DBE27DBBEB500640C3E /* App */,
				28F62DBD27DBBEA900640C3E /* ViewControllers */,
				28F62DC027DBBF2600640C3E /* Model */,
				28F62DBC27DBBE9C00640C3E /* Storyboards */,
				28F62DBF27DBBEBB00640C3E /* Resources */,
			);
			path = PersonalInfoApp;
			sourceTree = "<group>";
		};
		28F62DBC27DBBE9C00640C3E /* Storyboards */ = {
			isa = PBXGroup;
			children = (
				28F62DAE27DBBE7D00640C3E /* Main.storyboard */,
				28F62DB327DBBE7E00640C3E /* LaunchScreen.storyboard */,
			);
			path = Storyboards;
			sourceTree = "<group>";
		};
		28F62DBD27DBBEA900640C3E /* ViewControllers */ = {
			isa = PBXGroup;
			children = (
				28F62DAC27DBBE7D00640C3E /* LoginViewController.swift */,
				28F62DC527DBC5B200640C3E /* WelcomeViewController.swift */,
				28F62DC327DBC59C00640C3E /* UserInfoViewController.swift */,
				28F62DC127DBC56A00640C3E /* ImageViewController.swift */,
			);
			path = ViewControllers;
			sourceTree = "<group>";
		};
		28F62DBE27DBBEB500640C3E /* App */ = {
			isa = PBXGroup;
			children = (
				28F62DA827DBBE7D00640C3E /* AppDelegate.swift */,
				28F62DAA27DBBE7D00640C3E /* SceneDelegate.swift */,
				28F62DB627DBBE7E00640C3E /* Info.plist */,
			);
			path = App;
			sourceTree = "<group>";
		};
		28F62DBF27DBBEBB00640C3E /* Resources */ = {
			isa = PBXGroup;
			children = (
				28F62DB127DBBE7E00640C3E /* Assets.xcassets */,
			);
			path = Resources;
			sourceTree = "<group>";
		};
		28F62DC027DBBF2600640C3E /* Model */ = {
			isa = PBXGroup;
			children = (
				28F62DC727DBD5C000640C3E /* User.swift */,
			);
			path = Model;
			sourceTree = "<group>";
		};
/* End PBXGroup section */

/* Begin PBXNativeTarget section */
		28F62DA427DBBE7D00640C3E /* PersonalInfoApp */ = {
			isa = PBXNativeTarget;
			buildConfigurationList = 28F62DB927DBBE7E00640C3E /* Build configuration list for PBXNativeTarget "PersonalInfoApp" */;
			buildPhases = (
				28F62DA127DBBE7D00640C3E /* Sources */,
				28F62DA227DBBE7D00640C3E /* Frameworks */,
				28F62DA327DBBE7D00640C3E /* Resources */,
			);
			buildRules = (
			);
			dependencies = (
			);
			name = PersonalInfoApp;
			productName = PersonalInfoApp;
			productReference = 28F62DA527DBBE7D00640C3E /* PersonalInfoApp.app */;
			productType = "com.apple.product-type.application";
		};
/* End PBXNativeTarget section */

/* Begin PBXProject section */
		28F62D9D27DBBE7D00640C3E /* Project object */ = {
			isa = PBXProject;
			attributes = {
				BuildIndependentTargetsInParallel = 1;
				LastSwiftUpdateCheck = 1320;
				LastUpgradeCheck = 1320;
				TargetAttributes = {
					28F62DA427DBBE7D00640C3E = {
						CreatedOnToolsVersion = 13.2.1;
					};
				};
			};
			buildConfigurationList = 28F62DA027DBBE7D00640C3E /* Build configuration list for PBXProject "PersonalInfoApp" */;
			compatibilityVersion = "Xcode 13.0";
			developmentRegion = en;
			hasScannedForEncodings = 0;
			knownRegions = (
				en,
				Base,
			);
			mainGroup = 28F62D9C27DBBE7D00640C3E;
			productRefGroup = 28F62DA627DBBE7D00640C3E /* Products */;
			projectDirPath = "";
			projectRoot = "";
			targets = (
				28F62DA427DBBE7D00640C3E /* PersonalInfoApp */,
			);
		};
/* End PBXProject section */

/* Begin PBXResourcesBuildPhase section */
		28F62DA327DBBE7D00640C3E /* Resources */ = {
			isa = PBXResourcesBuildPhase;
			buildActionMask = 2147483647;
			files = (
				28F62DB527DBBE7E00640C3E /* LaunchScreen.storyboard in Resources */,
				28F62DB227DBBE7E00640C3E /* Assets.xcassets in Resources */,
				28F62DB027DBBE7D00640C3E /* Main.storyboard in Resources */,
			);
			runOnlyForDeploymentPostprocessing = 0;
		};
/* End PBXResourcesBuildPhase section */

/* Begin PBXSourcesBuildPhase section */
		28F62DA127DBBE7D00640C3E /* Sources */ = {
			isa = PBXSourcesBuildPhase;
			buildActionMask = 2147483647;
			files = (
				28F62DAD27DBBE7D00640C3E /* LoginViewController.swift in Sources */,
				28F62DA927DBBE7D00640C3E /* AppDelegate.swift in Sources */,
				28F62DC427DBC59C00640C3E /* UserInfoViewController.swift in Sources */,
				28F62DC627DBC5B200640C3E /* WelcomeViewController.swift in Sources */,
				28F62DC227DBC56A00640C3E /* ImageViewController.swift in Sources */,
				28F62DAB27DBBE7D00640C3E /* SceneDelegate.swift in Sources */,
				28F62DC827DBD5C000640C3E /* User.swift in Sources */,
			);
			runOnlyForDeploymentPostprocessing = 0;
		};
/* End PBXSourcesBuildPhase section */

/* Begin PBXVariantGroup section */
		28F62DAE27DBBE7D00640C3E /* Main.storyboard */ = {
			isa = PBXVariantGroup;
			children = (
				28F62DAF27DBBE7D00640C3E /* Base */,
			);
			name = Main.storyboard;
			sourceTree = "<group>";
		};
		28F62DB327DBBE7E00640C3E /* LaunchScreen.storyboard */ = {
			isa = PBXVariantGroup;
			children = (
				28F62DB427DBBE7E00640C3E /* Base */,
			);
			name = LaunchScreen.storyboard;
			sourceTree = "<group>";
		};
/* End PBXVariantGroup section */

/* Begin XCBuildConfiguration section */
		28F62DB727DBBE7E00640C3E /* Debug */ = {
			isa = XCBuildConfiguration;
			buildSettings = {
				ALWAYS_SEARCH_USER_PATHS = NO;
				CLANG_ANALYZER_NONNULL = YES;
				CLANG_ANALYZER_NUMBER_OBJECT_CONVERSION = YES_AGGRESSIVE;
				CLANG_CXX_LANGUAGE_STANDARD = "gnu++17";
				CLANG_CXX_LIBRARY = "libc++";
				CLANG_ENABLE_MODULES = YES;
				CLANG_ENABLE_OBJC_ARC = YES;
				CLANG_ENABLE_OBJC_WEAK = YES;
				CLANG_WARN_BLOCK_CAPTURE_AUTORELEASING = YES;
				CLANG_WARN_BOOL_CONVERSION = YES;
				CLANG_WARN_COMMA = YES;
				CLANG_WARN_CONSTANT_CONVERSION = YES;
				CLANG_WARN_DEPRECATED_OBJC_IMPLEMENTATIONS = YES;
				CLANG_WARN_DIRECT_OBJC_ISA_USAGE = YES_ERROR;
				CLANG_WARN_DOCUMENTATION_COMMENTS = YES;
				CLANG_WARN_EMPTY_BODY = YES;
				CLANG_WARN_ENUM_CONVERSION = YES;
				CLANG_WARN_INFINITE_RECURSION = YES;
				CLANG_WARN_INT_CONVERSION = YES;
				CLANG_WARN_NON_LITERAL_NULL_CONVERSION = YES;
				CLANG_WARN_OBJC_IMPLICIT_RETAIN_SELF = YES;
				CLANG_WARN_OBJC_LITERAL_CONVERSION = YES;
				CLANG_WARN_OBJC_ROOT_CLASS = YES_ERROR;
				CLANG_WARN_QUOTED_INCLUDE_IN_FRAMEWORK_HEADER = YES;
				CLANG_WARN_RANGE_LOOP_ANALYSIS = YES;
				CLANG_WARN_STRICT_PROTOTYPES = YES;
				CLANG_WARN_SUSPICIOUS_MOVE = YES;
				CLANG_WARN_UNGUARDED_AVAILABILITY = YES_AGGRESSIVE;
				CLANG_WARN_UNREACHABLE_CODE = YES;
				CLANG_WARN__DUPLICATE_METHOD_MATCH = YES;
				COPY_PHASE_STRIP = NO;
				DEBUG_INFORMATION_FORMAT = dwarf;
				ENABLE_STRICT_OBJC_MSGSEND = YES;
				ENABLE_TESTABILITY = YES;
				GCC_C_LANGUAGE_STANDARD = gnu11;
				GCC_DYNAMIC_NO_PIC = NO;
				GCC_NO_COMMON_BLOCKS = YES;
				GCC_OPTIMIZATION_LEVEL = 0;
				GCC_PREPROCESSOR_DEFINITIONS = (
					"DEBUG=1",
					"$(inherited)",
				);
				GCC_WARN_64_TO_32_BIT_CONVERSION = YES;
				GCC_WARN_ABOUT_RETURN_TYPE = YES_ERROR;
				GCC_WARN_UNDECLARED_SELECTOR = YES;
				GCC_WARN_UNINITIALIZED_AUTOS = YES_AGGRESSIVE;
				GCC_WARN_UNUSED_FUNCTION = YES;
				GCC_WARN_UNUSED_VARIABLE = YES;
				IPHONEOS_DEPLOYMENT_TARGET = 15.2;
				MTL_ENABLE_DEBUG_INFO = INCLUDE_SOURCE;
				MTL_FAST_MATH = YES;
				ONLY_ACTIVE_ARCH = YES;
				SDKROOT = iphoneos;
				SWIFT_ACTIVE_COMPILATION_CONDITIONS = DEBUG;
				SWIFT_OPTIMIZATION_LEVEL = "-Onone";
			};
			name = Debug;
		};
		28F62DB827DBBE7E00640C3E /* Release */ = {
			isa = XCBuildConfiguration;
			buildSettings = {
				ALWAYS_SEARCH_USER_PATHS = NO;
				CLANG_ANALYZER_NONNULL = YES;
				CLANG_ANALYZER_NUMBER_OBJECT_CONVERSION = YES_AGGRESSIVE;
				CLANG_CXX_LANGUAGE_STANDARD = "gnu++17";
				CLANG_CXX_LIBRARY = "libc++";
				CLANG_ENABLE_MODULES = YES;
				CLANG_ENABLE_OBJC_ARC = YES;
				CLANG_ENABLE_OBJC_WEAK = YES;
				CLANG_WARN_BLOCK_CAPTURE_AUTORELEASING = YES;
				CLANG_WARN_BOOL_CONVERSION = YES;
				CLANG_WARN_COMMA = YES;
				CLANG_WARN_CONSTANT_CONVERSION = YES;
				CLANG_WARN_DEPRECATED_OBJC_IMPLEMENTATIONS = YES;
				CLANG_WARN_DIRECT_OBJC_ISA_USAGE = YES_ERROR;
				CLANG_WARN_DOCUMENTATION_COMMENTS = YES;
				CLANG_WARN_EMPTY_BODY = YES;
				CLANG_WARN_ENUM_CONVERSION = YES;
				CLANG_WARN_INFINITE_RECURSION = YES;
				CLANG_WARN_INT_CONVERSION = YES;
				CLANG_WARN_NON_LITERAL_NULL_CONVERSION = YES;
				CLANG_WARN_OBJC_IMPLICIT_RETAIN_SELF = YES;
				CLANG_WARN_OBJC_LITERAL_CONVERSION = YES;
				CLANG_WARN_OBJC_ROOT_CLASS = YES_ERROR;
				CLANG_WARN_QUOTED_INCLUDE_IN_FRAMEWORK_HEADER = YES;
				CLANG_WARN_RANGE_LOOP_ANALYSIS = YES;
				CLANG_WARN_STRICT_PROTOTYPES = YES;
				CLANG_WARN_SUSPICIOUS_MOVE = YES;
				CLANG_WARN_UNGUARDED_AVAILABILITY = YES_AGGRESSIVE;
				CLANG_WARN_UNREACHABLE_CODE = YES;
				CLANG_WARN__DUPLICATE_METHOD_MATCH = YES;
				COPY_PHASE_STRIP = NO;
				DEBUG_INFORMATION_FORMAT = "dwarf-with-dsym";
				ENABLE_NS_ASSERTIONS = NO;
				ENABLE_STRICT_OBJC_MSGSEND = YES;
				GCC_C_LANGUAGE_STANDARD = gnu11;
				GCC_NO_COMMON_BLOCKS = YES;
				GCC_WARN_64_TO_32_BIT_CONVERSION = YES;
				GCC_WARN_ABOUT_RETURN_TYPE = YES_ERROR;
				GCC_WARN_UNDECLARED_SELECTOR = YES;
				GCC_WARN_UNINITIALIZED_AUTOS = YES_AGGRESSIVE;
				GCC_WARN_UNUSED_FUNCTION = YES;
				GCC_WARN_UNUSED_VARIABLE = YES;
				IPHONEOS_DEPLOYMENT_TARGET = 15.2;
				MTL_ENABLE_DEBUG_INFO = NO;
				MTL_FAST_MATH = YES;
				SDKROOT = iphoneos;
				SWIFT_COMPILATION_MODE = wholemodule;
				SWIFT_OPTIMIZATION_LEVEL = "-O";
				VALIDATE_PRODUCT = YES;
			};
			name = Release;
		};
		28F62DBA27DBBE7E00640C3E /* Debug */ = {
			isa = XCBuildConfiguration;
			buildSettings = {
				ASSETCATALOG_COMPILER_APPICON_NAME = AppIcon;
				ASSETCATALOG_COMPILER_GLOBAL_ACCENT_COLOR_NAME = AccentColor;
				CODE_SIGN_STYLE = Automatic;
				CURRENT_PROJECT_VERSION = 1;
				DEVELOPMENT_TEAM = 6P96P67U8G;
				GENERATE_INFOPLIST_FILE = YES;
				INFOPLIST_FILE = PersonalInfoApp/App/Info.plist;
				INFOPLIST_KEY_UIApplicationSupportsIndirectInputEvents = YES;
				INFOPLIST_KEY_UILaunchStoryboardName = LaunchScreen;
				INFOPLIST_KEY_UIMainStoryboardFile = Main;
				INFOPLIST_KEY_UISupportedInterfaceOrientations_iPad = "UIInterfaceOrientationPortrait UIInterfaceOrientationPortraitUpsideDown UIInterfaceOrientationLandscapeLeft UIInterfaceOrientationLandscapeRight";
				INFOPLIST_KEY_UISupportedInterfaceOrientations_iPhone = "UIInterfaceOrientationPortrait UIInterfaceOrientationLandscapeLeft UIInterfaceOrientationLandscapeRight";
				LD_RUNPATH_SEARCH_PATHS = (
					"$(inherited)",
					"@executable_path/Frameworks",
				);
				MARKETING_VERSION = 1.0;
				PRODUCT_BUNDLE_IDENTIFIER = alexrybachev.PersonalInfoApp;
				PRODUCT_NAME = "$(TARGET_NAME)";
				SWIFT_EMIT_LOC_STRINGS = YES;
				SWIFT_VERSION = 5.0;
				TARGETED_DEVICE_FAMILY = "1,2";
			};
			name = Debug;
		};
		28F62DBB27DBBE7E00640C3E /* Release */ = {
			isa = XCBuildConfiguration;
			buildSettings = {
				ASSETCATALOG_COMPILER_APPICON_NAME = AppIcon;
				ASSETCATALOG_COMPILER_GLOBAL_ACCENT_COLOR_NAME = AccentColor;
				CODE_SIGN_STYLE = Automatic;
				CURRENT_PROJECT_VERSION = 1;
				DEVELOPMENT_TEAM = 6P96P67U8G;
				GENERATE_INFOPLIST_FILE = YES;
				INFOPLIST_FILE = PersonalInfoApp/App/Info.plist;
				INFOPLIST_KEY_UIApplicationSupportsIndirectInputEvents = YES;
				INFOPLIST_KEY_UILaunchStoryboardName = LaunchScreen;
				INFOPLIST_KEY_UIMainStoryboardFile = Main;
				INFOPLIST_KEY_UISupportedInterfaceOrientations_iPad = "UIInterfaceOrientationPortrait UIInterfaceOrientationPortraitUpsideDown UIInterfaceOrientationLandscapeLeft UIInterfaceOrientationLandscapeRight";
				INFOPLIST_KEY_UISupportedInterfaceOrientations_iPhone = "UIInterfaceOrientationPortrait UIInterfaceOrientationLandscapeLeft UIInterfaceOrientationLandscapeRight";
				LD_RUNPATH_SEARCH_PATHS = (
					"$(inherited)",
					"@executable_path/Frameworks",
				);
				MARKETING_VERSION = 1.0;
				PRODUCT_BUNDLE_IDENTIFIER = alexrybachev.PersonalInfoApp;
				PRODUCT_NAME = "$(TARGET_NAME)";
				SWIFT_EMIT_LOC_STRINGS = YES;
				SWIFT_VERSION = 5.0;
				TARGETED_DEVICE_FAMILY = "1,2";
			};
			name = Release;
		};
/* End XCBuildConfiguration section */

/* Begin XCConfigurationList section */
		28F62DA027DBBE7D00640C3E /* Build configuration list for PBXProject "PersonalInfoApp" */ = {
			isa = XCConfigurationList;
			buildConfigurations = (
				28F62DB727DBBE7E00640C3E /* Debug */,
				28F62DB827DBBE7E00640C3E /* Release */,
			);
			defaultConfigurationIsVisible = 0;
			defaultConfigurationName = Release;
		};
		28F62DB927DBBE7E00640C3E /* Build configuration list for PBXNativeTarget "PersonalInfoApp" */ = {
			isa = XCConfigurationList;
			buildConfigurations = (
				28F62DBA27DBBE7E00640C3E /* Debug */,
				28F62DBB27DBBE7E00640C3E /* Release */,
			);
			defaultConfigurationIsVisible = 0;
			defaultConfigurationName = Release;
		};
/* End XCConfigurationList section */
	};
	rootObject = 28F62D9D27DBBE7D00640C3E /* Project object */;
}
